github.com/Pippadi/loggo v0.1.4 h1:5CtE/ajZP8lv7cGu8Z49F5q7vETaTKWwVt3PnBX0b8A=
github.com/Pippadi/loggo v0.1.4/go.mod h1:+XE7pq2jm1d+zumEqAlbI7o8SMsyx3liz1NFOWhSEu4=
gitlab.com/prithvivishak/goactor v0.1.5 h1:AwondUTLUATO1UDvWkUk0Vq+8OwVr43GeSPl9qZ3iOY=
gitlab.com/prithvivishak/goactor v0.1.5/go.mod h1:JH5yR2nDr+f7TV89hnq1J1D3mNKVju8aXLg40ISj/88=
golang.org/x/exp v0.0.0-20230905200255-921286631fa9 h1:GoHiUyI/Tp2nVkLI2mCxVkOjsbSXD66ic0XW0js0R9g=
golang.org/x/exp v0.0.0-20230905200255-921286631fa9/go.mod h1:S2oDrQGGwySpoQPVqRShND87VCbxmc6bL1Yd2oYrm6k=
